
Microsoft Visual Studio Solution File, Format Version 12.00
# Visual Studio 2012
Project("{FAE04EC0-301F-11D3-BF4B-00C04F79EFBC}") = "RegexDesigner", "RegexDesigner\RegexDesigner.csproj", "{A236353E-82B6-4AF1-9B9A-74A9D41AA0EB}"
EndProject
Global
	GlobalSection(SolutionConfigurationPlatforms) = preSolution
		Debug|Any CPU = Debug|Any CPU
		Release|Any CPU = Release|Any CPU
	EndGlobalSection
	GlobalSection(ProjectConfigurationPlatforms) = postSolution
		{A236353E-82B6-4AF1-9B9A-74A9D41AA0EB}.Debug|Any CPU.ActiveCfg = Debug|Any CPU
		{A236353E-82B6-4AF1-9B9A-74A9D41AA0EB}.Debug|Any CPU.Build.0 = Debug|Any CPU
		{A236353E-82B6-4AF1-9B9A-74A9D41AA0EB}.Release|Any CPU.ActiveCfg = Release|Any CPU
		{A236353E-82B6-4AF1-9B9A-74A9D41AA0EB}.Release|Any CPU.Build.0 = Release|Any CPU
	EndGlobalSection
	GlobalSection(SolutionProperties) = preSolution
		HideSolutionNode = FALSE
	EndGlobalSection
EndGlobal
